// !$*UTF8*$!
{
	archiveVersion = 1;
	classes = {
	};
	objectVersion = 50;
	objects = {

/* Begin PBXBuildFile section */
		11656E1221C8FB9300F19AE8 /* MenuViewController.swift in Sources */ = {isa = PBXBuildFile; fileRef = 11656E1121C8FB9300F19AE8 /* MenuViewController.swift */; };
		11656E1421C8FE2300F19AE8 /* TabsViewController.swift in Sources */ = {isa = PBXBuildFile; fileRef = 11656E1321C8FE2300F19AE8 /* TabsViewController.swift */; };
		11656E1621C930B500F19AE8 /* EmptyViewController.swift in Sources */ = {isa = PBXBuildFile; fileRef = 11656E1521C930B500F19AE8 /* EmptyViewController.swift */; };
		11AD589B21C24C76004CF5E5 /* AppDelegate.swift in Sources */ = {isa = PBXBuildFile; fileRef = 11AD589A21C24C76004CF5E5 /* AppDelegate.swift */; };
		11AD589D21C24C76004CF5E5 /* ListViewController.swift in Sources */ = {isa = PBXBuildFile; fileRef = 11AD589C21C24C76004CF5E5 /* ListViewController.swift */; };
		11AD58A221C24C76004CF5E5 /* Main.storyboard in Resources */ = {isa = PBXBuildFile; fileRef = 11AD58A021C24C76004CF5E5 /* Main.storyboard */; };
		11AD58A421C24C76004CF5E5 /* Assets.xcassets in Resources */ = {isa = PBXBuildFile; fileRef = 11AD58A321C24C76004CF5E5 /* Assets.xcassets */; };
		11AD58A721C24C76004CF5E5 /* LaunchScreen.storyboard in Resources */ = {isa = PBXBuildFile; fileRef = 11AD58A521C24C76004CF5E5 /* LaunchScreen.storyboard */; };
		1EFA3E616E7B41937D17A125 /* Pods_Tab.framework in Frameworks */ = {isa = PBXBuildFile; fileRef = BC8994DF3C4F2C0A1A8F9310 /* Pods_Tab.framework */; };
/* End PBXBuildFile section */

/* Begin PBXFileReference section */
		11656E1121C8FB9300F19AE8 /* MenuViewController.swift */ = {isa = PBXFileReference; lastKnownFileType = sourcecode.swift; path = MenuViewController.swift; sourceTree = "<group>"; };
		11656E1321C8FE2300F19AE8 /* TabsViewController.swift */ = {isa = PBXFileReference; lastKnownFileType = sourcecode.swift; path = TabsViewController.swift; sourceTree = "<group>"; };
		11656E1521C930B500F19AE8 /* EmptyViewController.swift */ = {isa = PBXFileReference; fileEncoding = 4; lastKnownFileType = sourcecode.swift; path = EmptyViewController.swift; sourceTree = "<group>"; };
		11AD589721C24C76004CF5E5 /* Tab.app */ = {isa = PBXFileReference; explicitFileType = wrapper.application; includeInIndex = 0; path = Tab.app; sourceTree = BUILT_PRODUCTS_DIR; };
		11AD589A21C24C76004CF5E5 /* AppDelegate.swift */ = {isa = PBXFileReference; lastKnownFileType = sourcecode.swift; path = AppDelegate.swift; sourceTree = "<group>"; };
		11AD589C21C24C76004CF5E5 /* ListViewController.swift */ = {isa = PBXFileReference; lastKnownFileType = sourcecode.swift; path = ListViewController.swift; sourceTree = "<group>"; };
		11AD58A121C24C76004CF5E5 /* Base */ = {isa = PBXFileReference; lastKnownFileType = file.storyboard; name = Base; path = Base.lproj/Main.storyboard; sourceTree = "<group>"; };
		11AD58A321C24C76004CF5E5 /* Assets.xcassets */ = {isa = PBXFileReference; lastKnownFileType = folder.assetcatalog; path = Assets.xcassets; sourceTree = "<group>"; };
		11AD58A621C24C76004CF5E5 /* Base */ = {isa = PBXFileReference; lastKnownFileType = file.storyboard; name = Base; path = Base.lproj/LaunchScreen.storyboard; sourceTree = "<group>"; };
		11AD58A821C24C76004CF5E5 /* Info.plist */ = {isa = PBXFileReference; lastKnownFileType = text.plist.xml; path = Info.plist; sourceTree = "<group>"; };
		251B05A6D612E955C2534F9A /* Pods-Tab.debug.xcconfig */ = {isa = PBXFileReference; includeInIndex = 1; lastKnownFileType = text.xcconfig; name = "Pods-Tab.debug.xcconfig"; path = "Pods/Target Support Files/Pods-Tab/Pods-Tab.debug.xcconfig"; sourceTree = "<group>"; };
		BC8994DF3C4F2C0A1A8F9310 /* Pods_Tab.framework */ = {isa = PBXFileReference; explicitFileType = wrapper.framework; includeInIndex = 0; path = Pods_Tab.framework; sourceTree = BUILT_PRODUCTS_DIR; };
		E3D9249CFE71DA18AECA0793 /* Pods-Tab.release.xcconfig */ = {isa = PBXFileReference; includeInIndex = 1; lastKnownFileType = text.xcconfig; name = "Pods-Tab.release.xcconfig"; path = "Pods/Target Support Files/Pods-Tab/Pods-Tab.release.xcconfig"; sourceTree = "<group>"; };
/* End PBXFileReference section */

/* Begin PBXFrameworksBuildPhase section */
		11AD589421C24C76004CF5E5 /* Frameworks */ = {
			isa = PBXFrameworksBuildPhase;
			buildActionMask = 2147483647;
			files = (
				1EFA3E616E7B41937D17A125 /* Pods_Tab.framework in Frameworks */,
			);
			runOnlyForDeploymentPostprocessing = 0;
		};
/* End PBXFrameworksBuildPhase section */

/* Begin PBXGroup section */
		11AD588E21C24C76004CF5E5 = {
			isa = PBXGroup;
			children = (
				11AD589921C24C76004CF5E5 /* Tab */,
				11AD589821C24C76004CF5E5 /* Products */,
				5DC7AD27F30EB2B48889D237 /* Pods */,
				CFEFE591AF51B78AEF543107 /* Frameworks */,
			);
			sourceTree = "<group>";
		};
		11AD589821C24C76004CF5E5 /* Products */ = {
			isa = PBXGroup;
			children = (
				11AD589721C24C76004CF5E5 /* Tab.app */,
			);
			name = Products;
			sourceTree = "<group>";
		};
		11AD589921C24C76004CF5E5 /* Tab */ = {
			isa = PBXGroup;
			children = (
				11656E1521C930B500F19AE8 /* EmptyViewController.swift */,
				11AD589A21C24C76004CF5E5 /* AppDelegate.swift */,
				11AD589C21C24C76004CF5E5 /* ListViewController.swift */,
				11AD58A021C24C76004CF5E5 /* Main.storyboard */,
				11AD58A321C24C76004CF5E5 /* Assets.xcassets */,
				11AD58A521C24C76004CF5E5 /* LaunchScreen.storyboard */,
				11AD58A821C24C76004CF5E5 /* Info.plist */,
				11656E1121C8FB9300F19AE8 /* MenuViewController.swift */,
				11656E1321C8FE2300F19AE8 /* TabsViewController.swift */,
			);
			path = Tab;
			sourceTree = "<group>";
		};
		5DC7AD27F30EB2B48889D237 /* Pods */ = {
			isa = PBXGroup;
			children = (
				251B05A6D612E955C2534F9A /* Pods-Tab.debug.xcconfig */,
				E3D9249CFE71DA18AECA0793 /* Pods-Tab.release.xcconfig */,
			);
			name = Pods;
			sourceTree = "<group>";
		};
		CFEFE591AF51B78AEF543107 /* Frameworks */ = {
			isa = PBXGroup;
			children = (
				BC8994DF3C4F2C0A1A8F9310 /* Pods_Tab.framework */,
			);
			name = Frameworks;
			sourceTree = "<group>";
		};
/* End PBXGroup section */

/* Begin PBXNativeTarget section */
		11AD589621C24C76004CF5E5 /* Tab */ = {
			isa = PBXNativeTarget;
			buildConfigurationList = 11AD58AB21C24C76004CF5E5 /* Build configuration list for PBXNativeTarget "Tab" */;
			buildPhases = (
				FD5A590472CA0C74C6EEC856 /* [CP] Check Pods Manifest.lock */,
				11AD589321C24C76004CF5E5 /* Sources */,
				11AD589421C24C76004CF5E5 /* Frameworks */,
				11AD589521C24C76004CF5E5 /* Resources */,
				4112023470DC561BB232EFA7 /* [CP] Embed Pods Frameworks */,
			);
			buildRules = (
			);
			dependencies = (
			);
			name = Tab;
			productName = Tab;
			productReference = 11AD589721C24C76004CF5E5 /* Tab.app */;
			productType = "com.apple.product-type.application";
		};
/* End PBXNativeTarget section */

/* Begin PBXProject section */
		11AD588F21C24C76004CF5E5 /* Project object */ = {
			isa = PBXProject;
			attributes = {
				LastSwiftUpdateCheck = 1010;
				LastUpgradeCheck = 1010;
				ORGANIZATIONNAME = W11K;
				TargetAttributes = {
					11AD589621C24C76004CF5E5 = {
						CreatedOnToolsVersion = 10.1;
					};
				};
			};
			buildConfigurationList = 11AD589221C24C76004CF5E5 /* Build configuration list for PBXProject "Tab" */;
			compatibilityVersion = "Xcode 9.3";
			developmentRegion = en;
			hasScannedForEncodings = 0;
			knownRegions = (
				en,
				Base,
			);
			mainGroup = 11AD588E21C24C76004CF5E5;
			productRefGroup = 11AD589821C24C76004CF5E5 /* Products */;
			projectDirPath = "";
			projectRoot = "";
			targets = (
				11AD589621C24C76004CF5E5 /* Tab */,
			);
		};
/* End PBXProject section */

/* Begin PBXResourcesBuildPhase section */
		11AD589521C24C76004CF5E5 /* Resources */ = {
			isa = PBXResourcesBuildPhase;
			buildActionMask = 2147483647;
			files = (
				11AD58A721C24C76004CF5E5 /* LaunchScreen.storyboard in Resources */,
				11AD58A421C24C76004CF5E5 /* Assets.xcassets in Resources */,
				11AD58A221C24C76004CF5E5 /* Main.storyboard in Resources */,
			);
			runOnlyForDeploymentPostprocessing = 0;
		};
/* End PBXResourcesBuildPhase section */

/* Begin PBXShellScriptBuildPhase section */
		4112023470DC561BB232EFA7 /* [CP] Embed Pods Frameworks */ = {
			isa = PBXShellScriptBuildPhase;
			buildActionMask = 2147483647;
			files = (
			);
			inputFileListPaths = (
			);
			inputPaths = (
				"${SRCROOT}/Pods/Target Support Files/Pods-Tab/Pods-Tab-frameworks.sh",
				"${BUILT_PRODUCTS_DIR}/KYDrawerController/KYDrawerController.framework",
			);
			name = "[CP] Embed Pods Frameworks";
			outputFileListPaths = (
			);
			outputPaths = (
				"${TARGET_BUILD_DIR}/${FRAMEWORKS_FOLDER_PATH}/KYDrawerController.framework",
			);
			runOnlyForDeploymentPostprocessing = 0;
			shellPath = /bin/sh;
			shellScript = "\"${SRCROOT}/Pods/Target Support Files/Pods-Tab/Pods-Tab-frameworks.sh\"\n";
			showEnvVarsInLog = 0;
		};
		FD5A590472CA0C74C6EEC856 /* [CP] Check Pods Manifest.lock */ = {
			isa = PBXShellScriptBuildPhase;
			buildActionMask = 2147483647;
			files = (
			);
			inputFileListPaths = (
			);
			inputPaths = (
				"${PODS_PODFILE_DIR_PATH}/Podfile.lock",
				"${PODS_ROOT}/Manifest.lock",
			);
			name = "[CP] Check Pods Manifest.lock";
			outputFileListPaths = (
			);
			outputPaths = (
				"$(DERIVED_FILE_DIR)/Pods-Tab-checkManifestLockResult.txt",
			);
			runOnlyForDeploymentPostprocessing = 0;
			shellPath = /bin/sh;
			shellScript = "diff \"${PODS_PODFILE_DIR_PATH}/Podfile.lock\" \"${PODS_ROOT}/Manifest.lock\" > /dev/null\nif [ $? != 0 ] ; then\n    # print error to STDERR\n    echo \"error: The sandbox is not in sync with the Podfile.lock. Run 'pod install' or update your CocoaPods installation.\" >&2\n    exit 1\nfi\n# This output is used by Xcode 'outputs' to avoid re-running this script phase.\necho \"SUCCESS\" > \"${SCRIPT_OUTPUT_FILE_0}\"\n";
			showEnvVarsInLog = 0;
		};
/* End PBXShellScriptBuildPhase section */

/* Begin PBXSourcesBuildPhase section */
		11AD589321C24C76004CF5E5 /* Sources */ = {
			isa = PBXSourcesBuildPhase;
			buildActionMask = 2147483647;
			files = (
				11656E1621C930B500F19AE8 /* EmptyViewController.swift in Sources */,
				11AD589B21C24C76004CF5E5 /* AppDelegate.swift in Sources */,
				11AD589D21C24C76004CF5E5 /* ListViewController.swift in Sources */,
				11656E1221C8FB9300F19AE8 /* MenuViewController.swift in Sources */,
				11656E1421C8FE2300F19AE8 /* TabsViewController.swift in Sources */,
			);
			runOnlyForDeploymentPostprocessing = 0;
		};
/* End PBXSourcesBuildPhase section */

/* Begin PBXVariantGroup section */
		11AD58A021C24C76004CF5E5 /* Main.storyboard */ = {
			isa = PBXVariantGroup;
			children = (
				11AD58A121C24C76004CF5E5 /* Base */,
			);
			name = Main.storyboard;
			sourceTree = "<group>";
		};
		11AD58A521C24C76004CF5E5 /* LaunchScreen.storyboard */ = {
			isa = PBXVariantGroup;
			children = (
				11AD58A621C24C76004CF5E5 /* Base */,
			);
			name = LaunchScreen.storyboard;
			sourceTree = "<group>";
		};
/* End PBXVariantGroup section */

/* Begin XCBuildConfiguration section */
		11AD58A921C24C76004CF5E5 /* Debug */ = {
			isa = XCBuildConfiguration;
			buildSettings = {
				ALWAYS_SEARCH_USER_PATHS = NO;
				CLANG_ANALYZER_NONNULL = YES;
				CLANG_ANALYZER_NUMBER_OBJECT_CONVERSION = YES_AGGRESSIVE;
				CLANG_CXX_LANGUAGE_STANDARD = "gnu++14";
				CLANG_CXX_LIBRARY = "libc++";
				CLANG_ENABLE_MODULES = YES;
				CLANG_ENABLE_OBJC_ARC = YES;
				CLANG_ENABLE_OBJC_WEAK = YES;
				CLANG_WARN_BLOCK_CAPTURE_AUTORELEASING = YES;
				CLANG_WARN_BOOL_CONVERSION = YES;
				CLANG_WARN_COMMA = YES;
				CLANG_WARN_CONSTANT_CONVERSION = YES;
				CLANG_WARN_DEPRECATED_OBJC_IMPLEMENTATIONS = YES;
				CLANG_WARN_DIRECT_OBJC_ISA_USAGE = YES_ERROR;
				CLANG_WARN_DOCUMENTATION_COMMENTS = YES;
				CLANG_WARN_EMPTY_BODY = YES;
				CLANG_WARN_ENUM_CONVERSION = YES;
				CLANG_WARN_INFINITE_RECURSION = YES;
				CLANG_WARN_INT_CONVERSION = YES;
				CLANG_WARN_NON_LITERAL_NULL_CONVERSION = YES;
				CLANG_WARN_OBJC_IMPLICIT_RETAIN_SELF = YES;
				CLANG_WARN_OBJC_LITERAL_CONVERSION = YES;
				CLANG_WARN_OBJC_ROOT_CLASS = YES_ERROR;
				CLANG_WARN_RANGE_LOOP_ANALYSIS = YES;
				CLANG_WARN_STRICT_PROTOTYPES = YES;
				CLANG_WARN_SUSPICIOUS_MOVE = YES;
				CLANG_WARN_UNGUARDED_AVAILABILITY = YES_AGGRESSIVE;
				CLANG_WARN_UNREACHABLE_CODE = YES;
				CLANG_WARN__DUPLICATE_METHOD_MATCH = YES;
				CODE_SIGN_IDENTITY = "iPhone Developer";
				COPY_PHASE_STRIP = NO;
				DEBUG_INFORMATION_FORMAT = dwarf;
				ENABLE_STRICT_OBJC_MSGSEND = YES;
				ENABLE_TESTABILITY = YES;
				GCC_C_LANGUAGE_STANDARD = gnu11;
				GCC_DYNAMIC_NO_PIC = NO;
				GCC_NO_COMMON_BLOCKS = YES;
				GCC_OPTIMIZATION_LEVEL = 0;
				GCC_PREPROCESSOR_DEFINITIONS = (
					"DEBUG=1",
					"$(inherited)",
				);
				GCC_WARN_64_TO_32_BIT_CONVERSION = YES;
				GCC_WARN_ABOUT_RETURN_TYPE = YES_ERROR;
				GCC_WARN_UNDECLARED_SELECTOR = YES;
				GCC_WARN_UNINITIALIZED_AUTOS = YES_AGGRESSIVE;
				GCC_WARN_UNUSED_FUNCTION = YES;
				GCC_WARN_UNUSED_VARIABLE = YES;
				IPHONEOS_DEPLOYMENT_TARGET = 12.1;
				MTL_ENABLE_DEBUG_INFO = INCLUDE_SOURCE;
				MTL_FAST_MATH = YES;
				ONLY_ACTIVE_ARCH = YES;
				SDKROOT = iphoneos;
				SWIFT_ACTIVE_COMPILATION_CONDITIONS = DEBUG;
				SWIFT_OPTIMIZATION_LEVEL = "-Onone";
			};
			name = Debug;
		};
		11AD58AA21C24C76004CF5E5 /* Release */ = {
			isa = XCBuildConfiguration;
			buildSettings = {
				ALWAYS_SEARCH_USER_PATHS = NO;
				CLANG_ANALYZER_NONNULL = YES;
				CLANG_ANALYZER_NUMBER_OBJECT_CONVERSION = YES_AGGRESSIVE;
				CLANG_CXX_LANGUAGE_STANDARD = "gnu++14";
				CLANG_CXX_LIBRARY = "libc++";
				CLANG_ENABLE_MODULES = YES;
				CLANG_ENABLE_OBJC_ARC = YES;
				CLANG_ENABLE_OBJC_WEAK = YES;
				CLANG_WARN_BLOCK_CAPTURE_AUTORELEASING = YES;
				CLANG_WARN_BOOL_CONVERSION = YES;
				CLANG_WARN_COMMA = YES;
				CLANG_WARN_CONSTANT_CONVERSION = YES;
				CLANG_WARN_DEPRECATED_OBJC_IMPLEMENTATIONS = YES;
				CLANG_WARN_DIRECT_OBJC_ISA_USAGE = YES_ERROR;
				CLANG_WARN_DOCUMENTATION_COMMENTS = YES;
				CLANG_WARN_EMPTY_BODY = YES;
				CLANG_WARN_ENUM_CONVERSION = YES;
				CLANG_WARN_INFINITE_RECURSION = YES;
				CLANG_WARN_INT_CONVERSION = YES;
				CLANG_WARN_NON_LITERAL_NULL_CONVERSION = YES;
				CLANG_WARN_OBJC_IMPLICIT_RETAIN_SELF = YES;
				CLANG_WARN_OBJC_LITERAL_CONVERSION = YES;
				CLANG_WARN_OBJC_ROOT_CLASS = YES_ERROR;
				CLANG_WARN_RANGE_LOOP_ANALYSIS = YES;
				CLANG_WARN_STRICT_PROTOTYPES = YES;
				CLANG_WARN_SUSPICIOUS_MOVE = YES;
				CLANG_WARN_UNGUARDED_AVAILABILITY = YES_AGGRESSIVE;
				CLANG_WARN_UNREACHABLE_CODE = YES;
				CLANG_WARN__DUPLICATE_METHOD_MATCH = YES;
				CODE_SIGN_IDENTITY = "iPhone Developer";
				COPY_PHASE_STRIP = NO;
				DEBUG_INFORMATION_FORMAT = "dwarf-with-dsym";
				ENABLE_NS_ASSERTIONS = NO;
				ENABLE_STRICT_OBJC_MSGSEND = YES;
				GCC_C_LANGUAGE_STANDARD = gnu11;
				GCC_NO_COMMON_BLOCKS = YES;
				GCC_WARN_64_TO_32_BIT_CONVERSION = YES;
				GCC_WARN_ABOUT_RETURN_TYPE = YES_ERROR;
				GCC_WARN_UNDECLARED_SELECTOR = YES;
				GCC_WARN_UNINITIALIZED_AUTOS = YES_AGGRESSIVE;
				GCC_WARN_UNUSED_FUNCTION = YES;
				GCC_WARN_UNUSED_VARIABLE = YES;
				IPHONEOS_DEPLOYMENT_TARGET = 12.1;
				MTL_ENABLE_DEBUG_INFO = NO;
				MTL_FAST_MATH = YES;
				SDKROOT = iphoneos;
				SWIFT_COMPILATION_MODE = wholemodule;
				SWIFT_OPTIMIZATION_LEVEL = "-O";
				VALIDATE_PRODUCT = YES;
			};
			name = Release;
		};
		11AD58AC21C24C76004CF5E5 /* Debug */ = {
			isa = XCBuildConfiguration;
			baseConfigurationReference = 251B05A6D612E955C2534F9A /* Pods-Tab.debug.xcconfig */;
			buildSettings = {
				ASSETCATALOG_COMPILER_APPICON_NAME = AppIcon;
				CODE_SIGN_STYLE = Automatic;
				DEVELOPMENT_TEAM = 7L85FC87Z6;
				INFOPLIST_FILE = Tab/Info.plist;
				LD_RUNPATH_SEARCH_PATHS = (
					"$(inherited)",
					"@executable_path/Frameworks",
				);
				PRODUCT_BUNDLE_IDENTIFIER = bsaja.Tab;
				PRODUCT_NAME = "$(TARGET_NAME)";
				SWIFT_VERSION = 4.2;
				TARGETED_DEVICE_FAMILY = "1,2";
			};
			name = Debug;
		};
		11AD58AD21C24C76004CF5E5 /* Release */ = {
			isa = XCBuildConfiguration;
			baseConfigurationReference = E3D9249CFE71DA18AECA0793 /* Pods-Tab.release.xcconfig */;
			buildSettings = {
				ASSETCATALOG_COMPILER_APPICON_NAME = AppIcon;
				CODE_SIGN_STYLE = Automatic;
				DEVELOPMENT_TEAM = 7L85FC87Z6;
				INFOPLIST_FILE = Tab/Info.plist;
				LD_RUNPATH_SEARCH_PATHS = (
					"$(inherited)",
					"@executable_path/Frameworks",
				);
				PRODUCT_BUNDLE_IDENTIFIER = bsaja.Tab;
				PRODUCT_NAME = "$(TARGET_NAME)";
				SWIFT_VERSION = 4.2;
				TARGETED_DEVICE_FAMILY = "1,2";
			};
			name = Release;
		};
/* End XCBuildConfiguration section */

/* Begin XCConfigurationList section */
		11AD589221C24C76004CF5E5 /* Build configuration list for PBXProject "Tab" */ = {
			isa = XCConfigurationList;
			buildConfigurations = (
				11AD58A921C24C76004CF5E5 /* Debug */,
				11AD58AA21C24C76004CF5E5 /* Release */,
			);
			defaultConfigurationIsVisible = 0;
			defaultConfigurationName = Release;
		};
		11AD58AB21C24C76004CF5E5 /* Build configuration list for PBXNativeTarget "Tab" */ = {
			isa = XCConfigurationList;
			buildConfigurations = (
				11AD58AC21C24C76004CF5E5 /* Debug */,
				11AD58AD21C24C76004CF5E5 /* Release */,
			);
			defaultConfigurationIsVisible = 0;
			defaultConfigurationName = Release;
		};
/* End XCConfigurationList section */
	};
	rootObject = 11AD588F21C24C76004CF5E5 /* Project object */;
}
