PODS:
  - KYDrawerController (2.1.0)

DEPENDENCIES:
  - KYDrawerController

SPEC REPOS:
  https://github.com/cocoapods/specs.git:
    - KYDrawerController

SPEC CHECKSUMS:
  KYDrawerController: baad0e63b09c0cb564bd48f0f7f70f45d9176ebc

PODFILE CHECKSUM: ea5f4c0f5eaddddae5d65c1dbdb57a39d1534c06

COCOAPODS: 1.5.3
